
Microsoft Visual Studio Solution File, Format Version 12.00
# Visual Studio Version 17
VisualStudioVersion = 17.8.34525.116
MinimumVisualStudioVersion = 10.0.40219.1
Project("{FAE04EC0-301F-11D3-BF4B-00C04F79EFBC}") = "Application", "Application\Application.csproj", "{8F1031E2-E28F-41CB-A6EF-8A28E5AC24B5}"
EndProject
Project("{FAE04EC0-301F-11D3-BF4B-00C04F79EFBC}") = "Domain", "Domain\Domain.csproj", "{C8830A26-08B1-48C7-908C-89D088625AD0}"
EndProject
Project("{FAE04EC0-301F-11D3-BF4B-00C04F79EFBC}") = "Persistence", "Persistence\Persistence.csproj", "{3D0E200C-6FA1-4208-9375-B48649FB0503}"
EndProject
Project("{FAE04EC0-301F-11D3-BF4B-00C04F79EFBC}") = "WebApp", "WebApp\WebApp.csproj", "{A568B105-6021-4B08-9AED-36CE18523AC4}"
EndProject
Global
	GlobalSection(SolutionConfigurationPlatforms) = preSolution
		Debug|Any CPU = Debug|Any CPU
		Release|Any CPU = Release|Any CPU
	EndGlobalSection
	GlobalSection(ProjectConfigurationPlatforms) = postSolution
		{8F1031E2-E28F-41CB-A6EF-8A28E5AC24B5}.Debug|Any CPU.ActiveCfg = Debug|Any CPU
		{8F1031E2-E28F-41CB-A6EF-8A28E5AC24B5}.Debug|Any CPU.Build.0 = Debug|Any CPU
		{8F1031E2-E28F-41CB-A6EF-8A28E5AC24B5}.Release|Any CPU.ActiveCfg = Release|Any CPU
		{8F1031E2-E28F-41CB-A6EF-8A28E5AC24B5}.Release|Any CPU.Build.0 = Release|Any CPU
		{C8830A26-08B1-48C7-908C-89D088625AD0}.Debug|Any CPU.ActiveCfg = Debug|Any CPU
		{C8830A26-08B1-48C7-908C-89D088625AD0}.Debug|Any CPU.Build.0 = Debug|Any CPU
		{C8830A26-08B1-48C7-908C-89D088625AD0}.Release|Any CPU.ActiveCfg = Release|Any CPU
		{C8830A26-08B1-48C7-908C-89D088625AD0}.Release|Any CPU.Build.0 = Release|Any CPU
		{3D0E200C-6FA1-4208-9375-B48649FB0503}.Debug|Any CPU.ActiveCfg = Debug|Any CPU
		{3D0E200C-6FA1-4208-9375-B48649FB0503}.Debug|Any CPU.Build.0 = Debug|Any CPU
		{3D0E200C-6FA1-4208-9375-B48649FB0503}.Release|Any CPU.ActiveCfg = Release|Any CPU
		{3D0E200C-6FA1-4208-9375-B48649FB0503}.Release|Any CPU.Build.0 = Release|Any CPU
		{A568B105-6021-4B08-9AED-36CE18523AC4}.Debug|Any CPU.ActiveCfg = Debug|Any CPU
		{A568B105-6021-4B08-9AED-36CE18523AC4}.Debug|Any CPU.Build.0 = Debug|Any CPU
		{A568B105-6021-4B08-9AED-36CE18523AC4}.Release|Any CPU.ActiveCfg = Release|Any CPU
		{A568B105-6021-4B08-9AED-36CE18523AC4}.Release|Any CPU.Build.0 = Release|Any CPU
	EndGlobalSection
	GlobalSection(SolutionProperties) = preSolution
		HideSolutionNode = FALSE
	EndGlobalSection
	GlobalSection(ExtensibilityGlobals) = postSolution
		SolutionGuid = {A4C7B411-D2E3-4B8F-BF97-5152B1D5692A}
	EndGlobalSection
EndGlobal
